
Microsoft Visual Studio Solution File, Format Version 12.00
# Visual Studio 15
VisualStudioVersion = 15.0.27130.2024
MinimumVisualStudioVersion = 10.0.40219.1
Project("{FAE04EC0-301F-11D3-BF4B-00C04F79EFBC}") = "TestZt", "TestZt\TestZt.csproj", "{70897168-1C4B-4F10-ACB7-15343885F844}"
EndProject
Global
	GlobalSection(SolutionConfigurationPlatforms) = preSolution
		Debug|Any CPU = Debug|Any CPU
		Release|Any CPU = Release|Any CPU
	EndGlobalSection
	GlobalSection(ProjectConfigurationPlatforms) = postSolution
		{70897168-1C4B-4F10-ACB7-15343885F844}.Debug|Any CPU.ActiveCfg = Debug|Any CPU
		{70897168-1C4B-4F10-ACB7-15343885F844}.Debug|Any CPU.Build.0 = Debug|Any CPU
		{70897168-1C4B-4F10-ACB7-15343885F844}.Release|Any CPU.ActiveCfg = Release|Any CPU
		{70897168-1C4B-4F10-ACB7-15343885F844}.Release|Any CPU.Build.0 = Release|Any CPU
	EndGlobalSection
	GlobalSection(SolutionProperties) = preSolution
		HideSolutionNode = FALSE
	EndGlobalSection
	GlobalSection(ExtensibilityGlobals) = postSolution
		SolutionGuid = {87166A45-90C5-4BDD-95E2-6C914411FDD3}
	EndGlobalSection
EndGlobal
